dependencies:
- name: dotnet-chart
  repository: file://../api_chart
  version: 0.1.0
- name: dotnet-migration
  repository: file://../migration_chart
  version: 0.1.0
- name: sulfoxide-bromine
  repository: oci://ghcr.io/atomicloud/sulfoxide.bromine
  version: 1.8.0
digest: sha256:eef49381758b98af401e0d7716d164700c9ef073fbdba836fc926f1d1b822506
generated: "2025-11-06T08:08:01.113095-08:00"
